
Microsoft Visual Studio Solution File, Format Version 12.00
# Visual Studio Version 17
VisualStudioVersion = 17.14.36804.6
MinimumVisualStudioVersion = 10.0.40219.1
Project("{FAE04EC0-301F-11D3-BF4B-00C04F79EFBC}") = "LMS.Domain", "LMS.Domain\LMS.Domain.csproj", "{26794360-42F0-4270-BE4F-EA839F4046AF}"
EndProject
Project("{FAE04EC0-301F-11D3-BF4B-00C04F79EFBC}") = "LMS.App", "LMS.App\LMS.App.csproj", "{9D5CAE75-2921-418C-A25A-6EDF8A400362}"
EndProject
Project("{FAE04EC0-301F-11D3-BF4B-00C04F79EFBC}") = "LMS.Infra", "LMS.Infra\LMS.Infra.csproj", "{BC28195E-4F6F-495E-AFAA-270A92499E50}"
EndProject
Project("{FAE04EC0-301F-11D3-BF4B-00C04F79EFBC}") = "LMS.API", "LMS.API\LMS.API.csproj", "{2EA6FE73-C775-4022-B708-644D4AEE76EA}"
EndProject
Project("{FAE04EC0-301F-11D3-BF4B-00C04F79EFBC}") = "LMS.Tests", "LMS.Tests\LMS.Tests.csproj", "{92391910-40E2-4C51-85E8-EEEBE6B8D0E5}"
EndProject
Project("{2150E333-8FDC-42A3-9474-1A3956D46DE8}") = "Microservices", "Microservices", "{8A367DDA-5161-A942-4F09-60E4726C9306}"
EndProject
Project("{2150E333-8FDC-42A3-9474-1A3956D46DE8}") = "Logging", "Logging", "{AFE84D73-8EC7-FAA1-9D5F-99D71AEAD181}"
EndProject
Project("{FAE04EC0-301F-11D3-BF4B-00C04F79EFBC}") = "Logging.API", "Microservices\Logging\Logging.API\Logging.API.csproj", "{A38BFF00-E108-471D-8D44-FA2FD733FFFF}"
EndProject
Project("{FAE04EC0-301F-11D3-BF4B-00C04F79EFBC}") = "Logging.Application", "Microservices\Logging\Logging.Application\Logging.Application.csproj", "{11E08740-2F07-483D-925A-6124AA9D5740}"
EndProject
Project("{FAE04EC0-301F-11D3-BF4B-00C04F79EFBC}") = "Logging.Domain", "Microservices\Logging\Logging.Domain\Logging.Domain.csproj", "{A7B332BB-7176-4172-864D-F18831F30C69}"
EndProject
Project("{FAE04EC0-301F-11D3-BF4B-00C04F79EFBC}") = "Logging.Infrastructure", "Microservices\Logging\Logging.Infrastructure\Logging.Infrastructure.csproj", "{F8711424-829F-48B2-89C0-5249104B0F58}"
EndProject
Global
	GlobalSection(SolutionConfigurationPlatforms) = preSolution
		Debug|Any CPU = Debug|Any CPU
		Debug|x64 = Debug|x64
		Debug|x86 = Debug|x86
		Release|Any CPU = Release|Any CPU
		Release|x64 = Release|x64
		Release|x86 = Release|x86
	EndGlobalSection
	GlobalSection(ProjectConfigurationPlatforms) = postSolution
		{26794360-42F0-4270-BE4F-EA839F4046AF}.Debug|Any CPU.ActiveCfg = Debug|Any CPU
		{26794360-42F0-4270-BE4F-EA839F4046AF}.Debug|Any CPU.Build.0 = Debug|Any CPU
		{26794360-42F0-4270-BE4F-EA839F4046AF}.Debug|x64.ActiveCfg = Debug|Any CPU
		{26794360-42F0-4270-BE4F-EA839F4046AF}.Debug|x64.Build.0 = Debug|Any CPU
		{26794360-42F0-4270-BE4F-EA839F4046AF}.Debug|x86.ActiveCfg = Debug|Any CPU
		{26794360-42F0-4270-BE4F-EA839F4046AF}.Debug|x86.Build.0 = Debug|Any CPU
		{26794360-42F0-4270-BE4F-EA839F4046AF}.Release|Any CPU.ActiveCfg = Release|Any CPU
		{26794360-42F0-4270-BE4F-EA839F4046AF}.Release|Any CPU.Build.0 = Release|Any CPU
		{26794360-42F0-4270-BE4F-EA839F4046AF}.Release|x64.ActiveCfg = Release|Any CPU
		{26794360-42F0-4270-BE4F-EA839F4046AF}.Release|x64.Build.0 = Release|Any CPU
		{26794360-42F0-4270-BE4F-EA839F4046AF}.Release|x86.ActiveCfg = Release|Any CPU
		{26794360-42F0-4270-BE4F-EA839F4046AF}.Release|x86.Build.0 = Release|Any CPU
		{9D5CAE75-2921-418C-A25A-6EDF8A400362}.Debug|Any CPU.ActiveCfg = Debug|Any CPU
		{9D5CAE75-2921-418C-A25A-6EDF8A400362}.Debug|Any CPU.Build.0 = Debug|Any CPU
		{9D5CAE75-2921-418C-A25A-6EDF8A400362}.Debug|x64.ActiveCfg = Debug|Any CPU
		{9D5CAE75-2921-418C-A25A-6EDF8A400362}.Debug|x64.Build.0 = Debug|Any CPU
		{9D5CAE75-2921-418C-A25A-6EDF8A400362}.Debug|x86.ActiveCfg = Debug|Any CPU
		{9D5CAE75-2921-418C-A25A-6EDF8A400362}.Debug|x86.Build.0 = Debug|Any CPU
		{9D5CAE75-2921-418C-A25A-6EDF8A400362}.Release|Any CPU.ActiveCfg = Release|Any CPU
		{9D5CAE75-2921-418C-A25A-6EDF8A400362}.Release|Any CPU.Build.0 = Release|Any CPU
		{9D5CAE75-2921-418C-A25A-6EDF8A400362}.Release|x64.ActiveCfg = Release|Any CPU
		{9D5CAE75-2921-418C-A25A-6EDF8A400362}.Release|x64.Build.0 = Release|Any CPU
		{9D5CAE75-2921-418C-A25A-6EDF8A400362}.Release|x86.ActiveCfg = Release|Any CPU
		{9D5CAE75-2921-418C-A25A-6EDF8A400362}.Release|x86.Build.0 = Release|Any CPU
		{BC28195E-4F6F-495E-AFAA-270A92499E50}.Debug|Any CPU.ActiveCfg = Debug|Any CPU
		{BC28195E-4F6F-495E-AFAA-270A92499E50}.Debug|Any CPU.Build.0 = Debug|Any CPU
		{BC28195E-4F6F-495E-AFAA-270A92499E50}.Debug|x64.ActiveCfg = Debug|Any CPU
		{BC28195E-4F6F-495E-AFAA-270A92499E50}.Debug|x64.Build.0 = Debug|Any CPU
		{BC28195E-4F6F-495E-AFAA-270A92499E50}.Debug|x86.ActiveCfg = Debug|Any CPU
		{BC28195E-4F6F-495E-AFAA-270A92499E50}.Debug|x86.Build.0 = Debug|Any CPU
		{BC28195E-4F6F-495E-AFAA-270A92499E50}.Release|Any CPU.ActiveCfg = Release|Any CPU
		{BC28195E-4F6F-495E-AFAA-270A92499E50}.Release|Any CPU.Build.0 = Release|Any CPU
		{BC28195E-4F6F-495E-AFAA-270A92499E50}.Release|x64.ActiveCfg = Release|Any CPU
		{BC28195E-4F6F-495E-AFAA-270A92499E50}.Release|x64.Build.0 = Release|Any CPU
		{BC28195E-4F6F-495E-AFAA-270A92499E50}.Release|x86.ActiveCfg = Release|Any CPU
		{BC28195E-4F6F-495E-AFAA-270A92499E50}.Release|x86.Build.0 = Release|Any CPU
		{2EA6FE73-C775-4022-B708-644D4AEE76EA}.Debug|Any CPU.ActiveCfg = Debug|Any CPU
		{2EA6FE73-C775-4022-B708-644D4AEE76EA}.Debug|Any CPU.Build.0 = Debug|Any CPU
		{2EA6FE73-C775-4022-B708-644D4AEE76EA}.Debug|x64.ActiveCfg = Debug|Any CPU
		{2EA6FE73-C775-4022-B708-644D4AEE76EA}.Debug|x64.Build.0 = Debug|Any CPU
		{2EA6FE73-C775-4022-B708-644D4AEE76EA}.Debug|x86.ActiveCfg = Debug|Any CPU
		{2EA6FE73-C775-4022-B708-644D4AEE76EA}.Debug|x86.Build.0 = Debug|Any CPU
		{2EA6FE73-C775-4022-B708-644D4AEE76EA}.Release|Any CPU.ActiveCfg = Release|Any CPU
		{2EA6FE73-C775-4022-B708-644D4AEE76EA}.Release|Any CPU.Build.0 = Release|Any CPU
		{2EA6FE73-C775-4022-B708-644D4AEE76EA}.Release|x64.ActiveCfg = Release|Any CPU
		{2EA6FE73-C775-4022-B708-644D4AEE76EA}.Release|x64.Build.0 = Release|Any CPU
		{2EA6FE73-C775-4022-B708-644D4AEE76EA}.Release|x86.ActiveCfg = Release|Any CPU
		{2EA6FE73-C775-4022-B708-644D4AEE76EA}.Release|x86.Build.0 = Release|Any CPU
		{92391910-40E2-4C51-85E8-EEEBE6B8D0E5}.Debug|Any CPU.ActiveCfg = Debug|Any CPU
		{92391910-40E2-4C51-85E8-EEEBE6B8D0E5}.Debug|Any CPU.Build.0 = Debug|Any CPU
		{92391910-40E2-4C51-85E8-EEEBE6B8D0E5}.Debug|x64.ActiveCfg = Debug|Any CPU
		{92391910-40E2-4C51-85E8-EEEBE6B8D0E5}.Debug|x64.Build.0 = Debug|Any CPU
		{92391910-40E2-4C51-85E8-EEEBE6B8D0E5}.Debug|x86.ActiveCfg = Debug|Any CPU
		{92391910-40E2-4C51-85E8-EEEBE6B8D0E5}.Debug|x86.Build.0 = Debug|Any CPU
		{92391910-40E2-4C51-85E8-EEEBE6B8D0E5}.Release|Any CPU.ActiveCfg = Release|Any CPU
		{92391910-40E2-4C51-85E8-EEEBE6B8D0E5}.Release|Any CPU.Build.0 = Release|Any CPU
		{92391910-40E2-4C51-85E8-EEEBE6B8D0E5}.Release|x64.ActiveCfg = Release|Any CPU
		{92391910-40E2-4C51-85E8-EEEBE6B8D0E5}.Release|x64.Build.0 = Release|Any CPU
		{92391910-40E2-4C51-85E8-EEEBE6B8D0E5}.Release|x86.ActiveCfg = Release|Any CPU
		{92391910-40E2-4C51-85E8-EEEBE6B8D0E5}.Release|x86.Build.0 = Release|Any CPU
		{A38BFF00-E108-471D-8D44-FA2FD733FFFF}.Debug|Any CPU.ActiveCfg = Debug|Any CPU
		{A38BFF00-E108-471D-8D44-FA2FD733FFFF}.Debug|Any CPU.Build.0 = Debug|Any CPU
		{A38BFF00-E108-471D-8D44-FA2FD733FFFF}.Debug|x64.ActiveCfg = Debug|Any CPU
		{A38BFF00-E108-471D-8D44-FA2FD733FFFF}.Debug|x64.Build.0 = Debug|Any CPU
		{A38BFF00-E108-471D-8D44-FA2FD733FFFF}.Debug|x86.ActiveCfg = Debug|Any CPU
		{A38BFF00-E108-471D-8D44-FA2FD733FFFF}.Debug|x86.Build.0 = Debug|Any CPU
		{A38BFF00-E108-471D-8D44-FA2FD733FFFF}.Release|Any CPU.ActiveCfg = Release|Any CPU
		{A38BFF00-E108-471D-8D44-FA2FD733FFFF}.Release|Any CPU.Build.0 = Release|Any CPU
		{A38BFF00-E108-471D-8D44-FA2FD733FFFF}.Release|x64.ActiveCfg = Release|Any CPU
		{A38BFF00-E108-471D-8D44-FA2FD733FFFF}.Release|x64.Build.0 = Release|Any CPU
		{A38BFF00-E108-471D-8D44-FA2FD733FFFF}.Release|x86.ActiveCfg = Release|Any CPU
		{A38BFF00-E108-471D-8D44-FA2FD733FFFF}.Release|x86.Build.0 = Release|Any CPU
		{11E08740-2F07-483D-925A-6124AA9D5740}.Debug|Any CPU.ActiveCfg = Debug|Any CPU
		{11E08740-2F07-483D-925A-6124AA9D5740}.Debug|Any CPU.Build.0 = Debug|Any CPU
		{11E08740-2F07-483D-925A-6124AA9D5740}.Debug|x64.ActiveCfg = Debug|Any CPU
		{11E08740-2F07-483D-925A-6124AA9D5740}.Debug|x64.Build.0 = Debug|Any CPU
		{11E08740-2F07-483D-925A-6124AA9D5740}.Debug|x86.ActiveCfg = Debug|Any CPU
		{11E08740-2F07-483D-925A-6124AA9D5740}.Debug|x86.Build.0 = Debug|Any CPU
		{11E08740-2F07-483D-925A-6124AA9D5740}.Release|Any CPU.ActiveCfg = Release|Any CPU
		{11E08740-2F07-483D-925A-6124AA9D5740}.Release|Any CPU.Build.0 = Release|Any CPU
		{11E08740-2F07-483D-925A-6124AA9D5740}.Release|x64.ActiveCfg = Release|Any CPU
		{11E08740-2F07-483D-925A-6124AA9D5740}.Release|x64.Build.0 = Release|Any CPU
		{11E08740-2F07-483D-925A-6124AA9D5740}.Release|x86.ActiveCfg = Release|Any CPU
		{11E08740-2F07-483D-925A-6124AA9D5740}.Release|x86.Build.0 = Release|Any CPU
		{A7B332BB-7176-4172-864D-F18831F30C69}.Debug|Any CPU.ActiveCfg = Debug|Any CPU
		{A7B332BB-7176-4172-864D-F18831F30C69}.Debug|Any CPU.Build.0 = Debug|Any CPU
		{A7B332BB-7176-4172-864D-F18831F30C69}.Debug|x64.ActiveCfg = Debug|Any CPU
		{A7B332BB-7176-4172-864D-F18831F30C69}.Debug|x64.Build.0 = Debug|Any CPU
		{A7B332BB-7176-4172-864D-F18831F30C69}.Debug|x86.ActiveCfg = Debug|Any CPU
		{A7B332BB-7176-4172-864D-F18831F30C69}.Debug|x86.Build.0 = Debug|Any CPU
		{A7B332BB-7176-4172-864D-F18831F30C69}.Release|Any CPU.ActiveCfg = Release|Any CPU
		{A7B332BB-7176-4172-864D-F18831F30C69}.Release|Any CPU.Build.0 = Release|Any CPU
		{A7B332BB-7176-4172-864D-F18831F30C69}.Release|x64.ActiveCfg = Release|Any CPU
		{A7B332BB-7176-4172-864D-F18831F30C69}.Release|x64.Build.0 = Release|Any CPU
		{A7B332BB-7176-4172-864D-F18831F30C69}.Release|x86.ActiveCfg = Release|Any CPU
		{A7B332BB-7176-4172-864D-F18831F30C69}.Release|x86.Build.0 = Release|Any CPU
		{F8711424-829F-48B2-89C0-5249104B0F58}.Debug|Any CPU.ActiveCfg = Debug|Any CPU
		{F8711424-829F-48B2-89C0-5249104B0F58}.Debug|Any CPU.Build.0 = Debug|Any CPU
		{F8711424-829F-48B2-89C0-5249104B0F58}.Debug|x64.ActiveCfg = Debug|Any CPU
		{F8711424-829F-48B2-89C0-5249104B0F58}.Debug|x64.Build.0 = Debug|Any CPU
		{F8711424-829F-48B2-89C0-5249104B0F58}.Debug|x86.ActiveCfg = Debug|Any CPU
		{F8711424-829F-48B2-89C0-5249104B0F58}.Debug|x86.Build.0 = Debug|Any CPU
		{F8711424-829F-48B2-89C0-5249104B0F58}.Release|Any CPU.ActiveCfg = Release|Any CPU
		{F8711424-829F-48B2-89C0-5249104B0F58}.Release|Any CPU.Build.0 = Release|Any CPU
		{F8711424-829F-48B2-89C0-5249104B0F58}.Release|x64.ActiveCfg = Release|Any CPU
		{F8711424-829F-48B2-89C0-5249104B0F58}.Release|x64.Build.0 = Release|Any CPU
		{F8711424-829F-48B2-89C0-5249104B0F58}.Release|x86.ActiveCfg = Release|Any CPU
		{F8711424-829F-48B2-89C0-5249104B0F58}.Release|x86.Build.0 = Release|Any CPU
	EndGlobalSection
	GlobalSection(SolutionProperties) = preSolution
		HideSolutionNode = FALSE
	EndGlobalSection
	GlobalSection(NestedProjects) = preSolution
		{AFE84D73-8EC7-FAA1-9D5F-99D71AEAD181} = {8A367DDA-5161-A942-4F09-60E4726C9306}
		{A38BFF00-E108-471D-8D44-FA2FD733FFFF} = {AFE84D73-8EC7-FAA1-9D5F-99D71AEAD181}
		{11E08740-2F07-483D-925A-6124AA9D5740} = {AFE84D73-8EC7-FAA1-9D5F-99D71AEAD181}
		{A7B332BB-7176-4172-864D-F18831F30C69} = {AFE84D73-8EC7-FAA1-9D5F-99D71AEAD181}
		{F8711424-829F-48B2-89C0-5249104B0F58} = {AFE84D73-8EC7-FAA1-9D5F-99D71AEAD181}
	EndGlobalSection
	GlobalSection(ExtensibilityGlobals) = postSolution
		SolutionGuid = {A99ABDB7-E80E-4FDE-B215-FC66C2F7DCDB}
	EndGlobalSection
EndGlobal
